
Microsoft Visual Studio Solution File, Format Version 12.00
# Visual Studio Version 17
VisualStudioVersion = 17.0.31903.59
MinimumVisualStudioVersion = 10.0.40219.1
Project("{F2A71F9B-5D33-465A-A702-920D77279786}") = "SafetyFirst", "SafetyFirst\SafetyFirst.fsproj", "{AC83F5E1-5A32-4F2C-9D57-7D35B237E060}"
EndProject
Project("{FAE04EC0-301F-11D3-BF4B-00C04F79EFBC}") = "SafetyFirst.CSharp.Specs", "SafetyFirst.CSharp.Specs\SafetyFirst.CSharp.Specs.csproj", "{60C3D253-4229-439E-A396-DD84F5492B2E}"
EndProject
Project("{F2A71F9B-5D33-465A-A702-920D77279786}") = "SafetyFirst.Specs", "SafetyFirst.Specs\SafetyFirst.Specs.fsproj", "{728D7F5E-3133-4F9D-8D94-A6F4EB0F4111}"
EndProject
Global
	GlobalSection(SolutionConfigurationPlatforms) = preSolution
		Debug|Any CPU = Debug|Any CPU
		Release|Any CPU = Release|Any CPU
	EndGlobalSection
	GlobalSection(SolutionProperties) = preSolution
		HideSolutionNode = FALSE
	EndGlobalSection
	GlobalSection(ProjectConfigurationPlatforms) = postSolution
		{AC83F5E1-5A32-4F2C-9D57-7D35B237E060}.Debug|Any CPU.ActiveCfg = Debug|Any CPU
		{AC83F5E1-5A32-4F2C-9D57-7D35B237E060}.Debug|Any CPU.Build.0 = Debug|Any CPU
		{AC83F5E1-5A32-4F2C-9D57-7D35B237E060}.Release|Any CPU.ActiveCfg = Release|Any CPU
		{AC83F5E1-5A32-4F2C-9D57-7D35B237E060}.Release|Any CPU.Build.0 = Release|Any CPU
		{60C3D253-4229-439E-A396-DD84F5492B2E}.Debug|Any CPU.ActiveCfg = Debug|Any CPU
		{60C3D253-4229-439E-A396-DD84F5492B2E}.Debug|Any CPU.Build.0 = Debug|Any CPU
		{60C3D253-4229-439E-A396-DD84F5492B2E}.Release|Any CPU.ActiveCfg = Release|Any CPU
		{60C3D253-4229-439E-A396-DD84F5492B2E}.Release|Any CPU.Build.0 = Release|Any CPU
		{728D7F5E-3133-4F9D-8D94-A6F4EB0F4111}.Debug|Any CPU.ActiveCfg = Debug|Any CPU
		{728D7F5E-3133-4F9D-8D94-A6F4EB0F4111}.Debug|Any CPU.Build.0 = Debug|Any CPU
		{728D7F5E-3133-4F9D-8D94-A6F4EB0F4111}.Release|Any CPU.ActiveCfg = Release|Any CPU
		{728D7F5E-3133-4F9D-8D94-A6F4EB0F4111}.Release|Any CPU.Build.0 = Release|Any CPU
	EndGlobalSection
EndGlobal
